{
  "name": "alphatab-extractor",
  "version": "1.0.0",
  "lockfileVersion": 3,
  "requires": true,
  "packages": {
    "": {
      "name": "alphatab-extractor",
      "version": "1.0.0",
      "license": "ISC",
      "dependencies": {
        "@coderline/alphatab": "^1.8.3"
      }
    },
    "node_modules/@coderline/alphatab": {
      "version": "1.8.3",
      "resolved": "https://registry.npmjs.org/@coderline/alphatab/-/alphatab-1.8.3.tgz",
      "integrity": "sha512-gauoZMBL3yzCNn4jz5qhKSmwnlwFpBG+W+HPowiBmPiD6kTH5Ntk3mCUItGqETN7Vl97REXJK6efGKOa13B4Ng==",
      "license": "MPL-2.0",
      "engines": {
        "node": ">=6.0.0"
      }
    }
  }
}



